
Microsoft Visual Studio Solution File, Format Version 12.00
# Visual Studio Version 16
VisualStudioVersion = 16.0.31005.135
MinimumVisualStudioVersion = 10.0.40219.1
Project("{FAE04EC0-301F-11D3-BF4B-00C04F79EFBC}") = "ConsoleApp1111", "ConsoleApp1111\ConsoleApp1111.csproj", "{0BA40CAB-BD27-4C55-8232-B823CEC91209}"
EndProject
Global
	GlobalSection(SolutionConfigurationPlatforms) = preSolution
		Debug|Any CPU = Debug|Any CPU
		Release|Any CPU = Release|Any CPU
	EndGlobalSection
	GlobalSection(ProjectConfigurationPlatforms) = postSolution
		{0BA40CAB-BD27-4C55-8232-B823CEC91209}.Debug|Any CPU.ActiveCfg = Debug|Any CPU
		{0BA40CAB-BD27-4C55-8232-B823CEC91209}.Debug|Any CPU.Build.0 = Debug|Any CPU
		{0BA40CAB-BD27-4C55-8232-B823CEC91209}.Release|Any CPU.ActiveCfg = Release|Any CPU
		{0BA40CAB-BD27-4C55-8232-B823CEC91209}.Release|Any CPU.Build.0 = Release|Any CPU
	EndGlobalSection
	GlobalSection(SolutionProperties) = preSolution
		HideSolutionNode = FALSE
	EndGlobalSection
	GlobalSection(ExtensibilityGlobals) = postSolution
		SolutionGuid = {34EA738C-0105-47F0-894F-3F0D58A94DCF}
	EndGlobalSection
EndGlobal
